// !$*UTF8*$!
{
	archiveVersion = 1;
	classes = {
	};
	objectVersion = 55;
	objects = {

/* Begin PBXBuildFile section */
		3F0DCE53286452E600B95453 /* RestaurantCellViewModel.swift in Sources */ = {isa = PBXBuildFile; fileRef = 3F0DCE52286452E600B95453 /* RestaurantCellViewModel.swift */; };
		3F3680612851FDFB0066A50E /* RestaurantPageViewController.swift in Sources */ = {isa = PBXBuildFile; fileRef = 3F3680602851FDFB0066A50E /* RestaurantPageViewController.swift */; };
		3F3680632851FE950066A50E /* RestaurantPageViewModel.swift in Sources */ = {isa = PBXBuildFile; fileRef = 3F3680622851FE950066A50E /* RestaurantPageViewModel.swift */; };
		3FA3411528505171003FABB4 /* RemoteRestaurantCoordinator.swift in Sources */ = {isa = PBXBuildFile; fileRef = 3FA3411428505171003FABB4 /* RemoteRestaurantCoordinator.swift */; };
		3FA3411728505279003FABB4 /* MapCoordinator.swift in Sources */ = {isa = PBXBuildFile; fileRef = 3FA3411628505279003FABB4 /* MapCoordinator.swift */; };
		3FA341192850534A003FABB4 /* MapViewController.swift in Sources */ = {isa = PBXBuildFile; fileRef = 3FA341182850534A003FABB4 /* MapViewController.swift */; };
		3FA3411B28505418003FABB4 /* BookmarkedRestaurantCoordinator.swift in Sources */ = {isa = PBXBuildFile; fileRef = 3FA3411A28505418003FABB4 /* BookmarkedRestaurantCoordinator.swift */; };
		3FA3411D285054D6003FABB4 /* RestaurantListViewModel.swift in Sources */ = {isa = PBXBuildFile; fileRef = 3FA3411C285054D6003FABB4 /* RestaurantListViewModel.swift */; };
		3FA3411F28505595003FABB4 /* MapViewModel.swift in Sources */ = {isa = PBXBuildFile; fileRef = 3FA3411E28505595003FABB4 /* MapViewModel.swift */; };
		3FA3412128505652003FABB4 /* RemoteDataService.swift in Sources */ = {isa = PBXBuildFile; fileRef = 3FA3412028505652003FABB4 /* RemoteDataService.swift */; };
		3FA3412328505678003FABB4 /* BookmarkDataService.swift in Sources */ = {isa = PBXBuildFile; fileRef = 3FA3412228505678003FABB4 /* BookmarkDataService.swift */; };
		3FA341252850612E003FABB4 /* RestaurantContainer.swift in Sources */ = {isa = PBXBuildFile; fileRef = 3FA341242850612E003FABB4 /* RestaurantContainer.swift */; };
		3FB09FE7284E08CD00ADA6DF /* AppDelegate.swift in Sources */ = {isa = PBXBuildFile; fileRef = 3FB09FE6284E08CD00ADA6DF /* AppDelegate.swift */; };
		3FB09FE9284E08CD00ADA6DF /* SceneDelegate.swift in Sources */ = {isa = PBXBuildFile; fileRef = 3FB09FE8284E08CD00ADA6DF /* SceneDelegate.swift */; };
		3FB09FEB284E08CD00ADA6DF /* RestaurantListViewController.swift in Sources */ = {isa = PBXBuildFile; fileRef = 3FB09FEA284E08CD00ADA6DF /* RestaurantListViewController.swift */; };
		3FB09FEE284E08CD00ADA6DF /* Main.storyboard in Resources */ = {isa = PBXBuildFile; fileRef = 3FB09FEC284E08CD00ADA6DF /* Main.storyboard */; };
		3FB09FF0284E08CF00ADA6DF /* Assets.xcassets in Resources */ = {isa = PBXBuildFile; fileRef = 3FB09FEF284E08CF00ADA6DF /* Assets.xcassets */; };
		3FB09FF3284E08CF00ADA6DF /* LaunchScreen.storyboard in Resources */ = {isa = PBXBuildFile; fileRef = 3FB09FF1284E08CF00ADA6DF /* LaunchScreen.storyboard */; };
		3FB09FFB284E0A4C00ADA6DF /* RootCordinator.swift in Sources */ = {isa = PBXBuildFile; fileRef = 3FB09FFA284E0A4C00ADA6DF /* RootCordinator.swift */; };
		3FDAA2B428533E9500A85E12 /* Protocols.swift in Sources */ = {isa = PBXBuildFile; fileRef = 3FDAA2B328533E9500A85E12 /* Protocols.swift */; };
/* End PBXBuildFile section */

/* Begin PBXFileReference section */
		3F0DCE52286452E600B95453 /* RestaurantCellViewModel.swift */ = {isa = PBXFileReference; lastKnownFileType = sourcecode.swift; path = RestaurantCellViewModel.swift; sourceTree = "<group>"; };
		3F3680602851FDFB0066A50E /* RestaurantPageViewController.swift */ = {isa = PBXFileReference; lastKnownFileType = sourcecode.swift; path = RestaurantPageViewController.swift; sourceTree = "<group>"; };
		3F3680622851FE950066A50E /* RestaurantPageViewModel.swift */ = {isa = PBXFileReference; lastKnownFileType = sourcecode.swift; path = RestaurantPageViewModel.swift; sourceTree = "<group>"; };
		3FA3411428505171003FABB4 /* RemoteRestaurantCoordinator.swift */ = {isa = PBXFileReference; lastKnownFileType = sourcecode.swift; path = RemoteRestaurantCoordinator.swift; sourceTree = "<group>"; };
		3FA3411628505279003FABB4 /* MapCoordinator.swift */ = {isa = PBXFileReference; lastKnownFileType = sourcecode.swift; path = MapCoordinator.swift; sourceTree = "<group>"; };
		3FA341182850534A003FABB4 /* MapViewController.swift */ = {isa = PBXFileReference; lastKnownFileType = sourcecode.swift; path = MapViewController.swift; sourceTree = "<group>"; };
		3FA3411A28505418003FABB4 /* BookmarkedRestaurantCoordinator.swift */ = {isa = PBXFileReference; lastKnownFileType = sourcecode.swift; path = BookmarkedRestaurantCoordinator.swift; sourceTree = "<group>"; };
		3FA3411C285054D6003FABB4 /* RestaurantListViewModel.swift */ = {isa = PBXFileReference; lastKnownFileType = sourcecode.swift; path = RestaurantListViewModel.swift; sourceTree = "<group>"; };
		3FA3411E28505595003FABB4 /* MapViewModel.swift */ = {isa = PBXFileReference; lastKnownFileType = sourcecode.swift; path = MapViewModel.swift; sourceTree = "<group>"; };
		3FA3412028505652003FABB4 /* RemoteDataService.swift */ = {isa = PBXFileReference; lastKnownFileType = sourcecode.swift; path = RemoteDataService.swift; sourceTree = "<group>"; };
		3FA3412228505678003FABB4 /* BookmarkDataService.swift */ = {isa = PBXFileReference; lastKnownFileType = sourcecode.swift; path = BookmarkDataService.swift; sourceTree = "<group>"; };
		3FA341242850612E003FABB4 /* RestaurantContainer.swift */ = {isa = PBXFileReference; lastKnownFileType = sourcecode.swift; path = RestaurantContainer.swift; sourceTree = "<group>"; };
		3FB09FE3284E08CD00ADA6DF /* RestaurantNavigator.app */ = {isa = PBXFileReference; explicitFileType = wrapper.application; includeInIndex = 0; path = RestaurantNavigator.app; sourceTree = BUILT_PRODUCTS_DIR; };
		3FB09FE6284E08CD00ADA6DF /* AppDelegate.swift */ = {isa = PBXFileReference; lastKnownFileType = sourcecode.swift; path = AppDelegate.swift; sourceTree = "<group>"; };
		3FB09FE8284E08CD00ADA6DF /* SceneDelegate.swift */ = {isa = PBXFileReference; lastKnownFileType = sourcecode.swift; path = SceneDelegate.swift; sourceTree = "<group>"; };
		3FB09FEA284E08CD00ADA6DF /* RestaurantListViewController.swift */ = {isa = PBXFileReference; lastKnownFileType = sourcecode.swift; path = RestaurantListViewController.swift; sourceTree = "<group>"; };
		3FB09FED284E08CD00ADA6DF /* Base */ = {isa = PBXFileReference; lastKnownFileType = file.storyboard; name = Base; path = Base.lproj/Main.storyboard; sourceTree = "<group>"; };
		3FB09FEF284E08CF00ADA6DF /* Assets.xcassets */ = {isa = PBXFileReference; lastKnownFileType = folder.assetcatalog; path = Assets.xcassets; sourceTree = "<group>"; };
		3FB09FF2284E08CF00ADA6DF /* Base */ = {isa = PBXFileReference; lastKnownFileType = file.storyboard; name = Base; path = Base.lproj/LaunchScreen.storyboard; sourceTree = "<group>"; };
		3FB09FF4284E08CF00ADA6DF /* Info.plist */ = {isa = PBXFileReference; lastKnownFileType = text.plist.xml; path = Info.plist; sourceTree = "<group>"; };
		3FB09FFA284E0A4C00ADA6DF /* RootCordinator.swift */ = {isa = PBXFileReference; lastKnownFileType = sourcecode.swift; path = RootCordinator.swift; sourceTree = "<group>"; };
		3FDAA2B328533E9500A85E12 /* Protocols.swift */ = {isa = PBXFileReference; lastKnownFileType = sourcecode.swift; path = Protocols.swift; sourceTree = "<group>"; };
/* End PBXFileReference section */

/* Begin PBXFrameworksBuildPhase section */
		3FB09FE0284E08CD00ADA6DF /* Frameworks */ = {
			isa = PBXFrameworksBuildPhase;
			buildActionMask = 2147483647;
			files = (
			);
			runOnlyForDeploymentPostprocessing = 0;
		};
/* End PBXFrameworksBuildPhase section */

/* Begin PBXGroup section */
		3F3680592851D9030066A50E /* Models */ = {
			isa = PBXGroup;
			children = (
				3FA341242850612E003FABB4 /* RestaurantContainer.swift */,
			);
			path = Models;
			sourceTree = "<group>";
		};
		3F36805A2851D91C0066A50E /* Services */ = {
			isa = PBXGroup;
			children = (
				3FA3412228505678003FABB4 /* BookmarkDataService.swift */,
				3FA3412028505652003FABB4 /* RemoteDataService.swift */,
			);
			path = Services;
			sourceTree = "<group>";
		};
		3F36805B2851D93F0066A50E /* UI */ = {
			isa = PBXGroup;
			children = (
				3F36805F2851D9870066A50E /* MapFlow */,
				3F36805E2851D97B0066A50E /* PageFlow */,
				3F36805D2851D96D0066A50E /* ListFlow */,
				3F36805C2851D9670066A50E /* Root */,
			);
			path = UI;
			sourceTree = "<group>";
		};
		3F36805C2851D9670066A50E /* Root */ = {
			isa = PBXGroup;
			children = (
				3F7F29B8285AF10F00A76467 /* Coordinators */,
				3FDAA2B328533E9500A85E12 /* Protocols.swift */,
			);
			path = Root;
			sourceTree = "<group>";
		};
		3F36805D2851D96D0066A50E /* ListFlow */ = {
			isa = PBXGroup;
			children = (
				3FB09FEA284E08CD00ADA6DF /* RestaurantListViewController.swift */,
				3FA3411C285054D6003FABB4 /* RestaurantListViewModel.swift */,
				3F0DCE52286452E600B95453 /* RestaurantCellViewModel.swift */,
			);
			path = ListFlow;
			sourceTree = "<group>";
		};
		3F36805E2851D97B0066A50E /* PageFlow */ = {
			isa = PBXGroup;
			children = (
				3F3680602851FDFB0066A50E /* RestaurantPageViewController.swift */,
				3F3680622851FE950066A50E /* RestaurantPageViewModel.swift */,
			);
			path = PageFlow;
			sourceTree = "<group>";
		};
		3F36805F2851D9870066A50E /* MapFlow */ = {
			isa = PBXGroup;
			children = (
				3FA341182850534A003FABB4 /* MapViewController.swift */,
				3FA3411E28505595003FABB4 /* MapViewModel.swift */,
			);
			path = MapFlow;
			sourceTree = "<group>";
		};
		3F7F29B8285AF10F00A76467 /* Coordinators */ = {
			isa = PBXGroup;
			children = (
				3FB09FFA284E0A4C00ADA6DF /* RootCordinator.swift */,
				3FA3411428505171003FABB4 /* RemoteRestaurantCoordinator.swift */,
				3FA3411A28505418003FABB4 /* BookmarkedRestaurantCoordinator.swift */,
				3FA3411628505279003FABB4 /* MapCoordinator.swift */,
			);
			path = Coordinators;
			sourceTree = "<group>";
		};
		3FB09FDA284E08CD00ADA6DF = {
			isa = PBXGroup;
			children = (
				3FB09FE5284E08CD00ADA6DF /* RestaurantNavigator */,
				3FB09FE4284E08CD00ADA6DF /* Products */,
			);
			sourceTree = "<group>";
		};
		3FB09FE4284E08CD00ADA6DF /* Products */ = {
			isa = PBXGroup;
			children = (
				3FB09FE3284E08CD00ADA6DF /* RestaurantNavigator.app */,
			);
			name = Products;
			sourceTree = "<group>";
		};
		3FB09FE5284E08CD00ADA6DF /* RestaurantNavigator */ = {
			isa = PBXGroup;
			children = (
				3F36805B2851D93F0066A50E /* UI */,
				3F36805A2851D91C0066A50E /* Services */,
				3F3680592851D9030066A50E /* Models */,
				3FB09FE6284E08CD00ADA6DF /* AppDelegate.swift */,
				3FB09FE8284E08CD00ADA6DF /* SceneDelegate.swift */,
				3FB09FEC284E08CD00ADA6DF /* Main.storyboard */,
				3FB09FEF284E08CF00ADA6DF /* Assets.xcassets */,
				3FB09FF1284E08CF00ADA6DF /* LaunchScreen.storyboard */,
				3FB09FF4284E08CF00ADA6DF /* Info.plist */,
			);
			path = RestaurantNavigator;
			sourceTree = "<group>";
		};
/* End PBXGroup section */

/* Begin PBXNativeTarget section */
		3FB09FE2284E08CD00ADA6DF /* RestaurantNavigator */ = {
			isa = PBXNativeTarget;
			buildConfigurationList = 3FB09FF7284E08CF00ADA6DF /* Build configuration list for PBXNativeTarget "RestaurantNavigator" */;
			buildPhases = (
				3FB09FDF284E08CD00ADA6DF /* Sources */,
				3FB09FE0284E08CD00ADA6DF /* Frameworks */,
				3FB09FE1284E08CD00ADA6DF /* Resources */,
			);
			buildRules = (
			);
			dependencies = (
			);
			name = RestaurantNavigator;
			productName = RestaurantNavigator;
			productReference = 3FB09FE3284E08CD00ADA6DF /* RestaurantNavigator.app */;
			productType = "com.apple.product-type.application";
		};
/* End PBXNativeTarget section */

/* Begin PBXProject section */
		3FB09FDB284E08CD00ADA6DF /* Project object */ = {
			isa = PBXProject;
			attributes = {
				BuildIndependentTargetsInParallel = 1;
				LastSwiftUpdateCheck = 1320;
				LastUpgradeCheck = 1320;
				TargetAttributes = {
					3FB09FE2284E08CD00ADA6DF = {
						CreatedOnToolsVersion = 13.2.1;
					};
				};
			};
			buildConfigurationList = 3FB09FDE284E08CD00ADA6DF /* Build configuration list for PBXProject "RestaurantNavigator" */;
			compatibilityVersion = "Xcode 13.0";
			developmentRegion = en;
			hasScannedForEncodings = 0;
			knownRegions = (
				en,
				Base,
			);
			mainGroup = 3FB09FDA284E08CD00ADA6DF;
			productRefGroup = 3FB09FE4284E08CD00ADA6DF /* Products */;
			projectDirPath = "";
			projectRoot = "";
			targets = (
				3FB09FE2284E08CD00ADA6DF /* RestaurantNavigator */,
			);
		};
/* End PBXProject section */

/* Begin PBXResourcesBuildPhase section */
		3FB09FE1284E08CD00ADA6DF /* Resources */ = {
			isa = PBXResourcesBuildPhase;
			buildActionMask = 2147483647;
			files = (
				3FB09FF3284E08CF00ADA6DF /* LaunchScreen.storyboard in Resources */,
				3FB09FF0284E08CF00ADA6DF /* Assets.xcassets in Resources */,
				3FB09FEE284E08CD00ADA6DF /* Main.storyboard in Resources */,
			);
			runOnlyForDeploymentPostprocessing = 0;
		};
/* End PBXResourcesBuildPhase section */

/* Begin PBXSourcesBuildPhase section */
		3FB09FDF284E08CD00ADA6DF /* Sources */ = {
			isa = PBXSourcesBuildPhase;
			buildActionMask = 2147483647;
			files = (
				3FA341252850612E003FABB4 /* RestaurantContainer.swift in Sources */,
				3FB09FFB284E0A4C00ADA6DF /* RootCordinator.swift in Sources */,
				3FA3411F28505595003FABB4 /* MapViewModel.swift in Sources */,
				3FA3411528505171003FABB4 /* RemoteRestaurantCoordinator.swift in Sources */,
				3FB09FEB284E08CD00ADA6DF /* RestaurantListViewController.swift in Sources */,
				3FA3411728505279003FABB4 /* MapCoordinator.swift in Sources */,
				3F3680612851FDFB0066A50E /* RestaurantPageViewController.swift in Sources */,
				3FA3412328505678003FABB4 /* BookmarkDataService.swift in Sources */,
				3FA3411D285054D6003FABB4 /* RestaurantListViewModel.swift in Sources */,
				3FA3411B28505418003FABB4 /* BookmarkedRestaurantCoordinator.swift in Sources */,
				3F3680632851FE950066A50E /* RestaurantPageViewModel.swift in Sources */,
				3FA3412128505652003FABB4 /* RemoteDataService.swift in Sources */,
				3F0DCE53286452E600B95453 /* RestaurantCellViewModel.swift in Sources */,
				3FB09FE7284E08CD00ADA6DF /* AppDelegate.swift in Sources */,
				3FB09FE9284E08CD00ADA6DF /* SceneDelegate.swift in Sources */,
				3FA341192850534A003FABB4 /* MapViewController.swift in Sources */,
				3FDAA2B428533E9500A85E12 /* Protocols.swift in Sources */,
			);
			runOnlyForDeploymentPostprocessing = 0;
		};
/* End PBXSourcesBuildPhase section */

/* Begin PBXVariantGroup section */
		3FB09FEC284E08CD00ADA6DF /* Main.storyboard */ = {
			isa = PBXVariantGroup;
			children = (
				3FB09FED284E08CD00ADA6DF /* Base */,
			);
			name = Main.storyboard;
			sourceTree = "<group>";
		};
		3FB09FF1284E08CF00ADA6DF /* LaunchScreen.storyboard */ = {
			isa = PBXVariantGroup;
			children = (
				3FB09FF2284E08CF00ADA6DF /* Base */,
			);
			name = LaunchScreen.storyboard;
			sourceTree = "<group>";
		};
/* End PBXVariantGroup section */

/* Begin XCBuildConfiguration section */
		3FB09FF5284E08CF00ADA6DF /* Debug */ = {
			isa = XCBuildConfiguration;
			buildSettings = {
				ALWAYS_SEARCH_USER_PATHS = NO;
				CLANG_ANALYZER_NONNULL = YES;
				CLANG_ANALYZER_NUMBER_OBJECT_CONVERSION = YES_AGGRESSIVE;
				CLANG_CXX_LANGUAGE_STANDARD = "gnu++17";
				CLANG_CXX_LIBRARY = "libc++";
				CLANG_ENABLE_MODULES = YES;
				CLANG_ENABLE_OBJC_ARC = YES;
				CLANG_ENABLE_OBJC_WEAK = YES;
				CLANG_WARN_BLOCK_CAPTURE_AUTORELEASING = YES;
				CLANG_WARN_BOOL_CONVERSION = YES;
				CLANG_WARN_COMMA = YES;
				CLANG_WARN_CONSTANT_CONVERSION = YES;
				CLANG_WARN_DEPRECATED_OBJC_IMPLEMENTATIONS = YES;
				CLANG_WARN_DIRECT_OBJC_ISA_USAGE = YES_ERROR;
				CLANG_WARN_DOCUMENTATION_COMMENTS = YES;
				CLANG_WARN_EMPTY_BODY = YES;
				CLANG_WARN_ENUM_CONVERSION = YES;
				CLANG_WARN_INFINITE_RECURSION = YES;
				CLANG_WARN_INT_CONVERSION = YES;
				CLANG_WARN_NON_LITERAL_NULL_CONVERSION = YES;
				CLANG_WARN_OBJC_IMPLICIT_RETAIN_SELF = YES;
				CLANG_WARN_OBJC_LITERAL_CONVERSION = YES;
				CLANG_WARN_OBJC_ROOT_CLASS = YES_ERROR;
				CLANG_WARN_QUOTED_INCLUDE_IN_FRAMEWORK_HEADER = YES;
				CLANG_WARN_RANGE_LOOP_ANALYSIS = YES;
				CLANG_WARN_STRICT_PROTOTYPES = YES;
				CLANG_WARN_SUSPICIOUS_MOVE = YES;
				CLANG_WARN_UNGUARDED_AVAILABILITY = YES_AGGRESSIVE;
				CLANG_WARN_UNREACHABLE_CODE = YES;
				CLANG_WARN__DUPLICATE_METHOD_MATCH = YES;
				COPY_PHASE_STRIP = NO;
				DEBUG_INFORMATION_FORMAT = dwarf;
				ENABLE_STRICT_OBJC_MSGSEND = YES;
				ENABLE_TESTABILITY = YES;
				GCC_C_LANGUAGE_STANDARD = gnu11;
				GCC_DYNAMIC_NO_PIC = NO;
				GCC_NO_COMMON_BLOCKS = YES;
				GCC_OPTIMIZATION_LEVEL = 0;
				GCC_PREPROCESSOR_DEFINITIONS = (
					"DEBUG=1",
					"$(inherited)",
				);
				GCC_WARN_64_TO_32_BIT_CONVERSION = YES;
				GCC_WARN_ABOUT_RETURN_TYPE = YES_ERROR;
				GCC_WARN_UNDECLARED_SELECTOR = YES;
				GCC_WARN_UNINITIALIZED_AUTOS = YES_AGGRESSIVE;
				GCC_WARN_UNUSED_FUNCTION = YES;
				GCC_WARN_UNUSED_VARIABLE = YES;
				IPHONEOS_DEPLOYMENT_TARGET = 15.2;
				MTL_ENABLE_DEBUG_INFO = INCLUDE_SOURCE;
				MTL_FAST_MATH = YES;
				ONLY_ACTIVE_ARCH = YES;
				SDKROOT = iphoneos;
				SWIFT_ACTIVE_COMPILATION_CONDITIONS = DEBUG;
				SWIFT_OPTIMIZATION_LEVEL = "-Onone";
			};
			name = Debug;
		};
		3FB09FF6284E08CF00ADA6DF /* Release */ = {
			isa = XCBuildConfiguration;
			buildSettings = {
				ALWAYS_SEARCH_USER_PATHS = NO;
				CLANG_ANALYZER_NONNULL = YES;
				CLANG_ANALYZER_NUMBER_OBJECT_CONVERSION = YES_AGGRESSIVE;
				CLANG_CXX_LANGUAGE_STANDARD = "gnu++17";
				CLANG_CXX_LIBRARY = "libc++";
				CLANG_ENABLE_MODULES = YES;
				CLANG_ENABLE_OBJC_ARC = YES;
				CLANG_ENABLE_OBJC_WEAK = YES;
				CLANG_WARN_BLOCK_CAPTURE_AUTORELEASING = YES;
				CLANG_WARN_BOOL_CONVERSION = YES;
				CLANG_WARN_COMMA = YES;
				CLANG_WARN_CONSTANT_CONVERSION = YES;
				CLANG_WARN_DEPRECATED_OBJC_IMPLEMENTATIONS = YES;
				CLANG_WARN_DIRECT_OBJC_ISA_USAGE = YES_ERROR;
				CLANG_WARN_DOCUMENTATION_COMMENTS = YES;
				CLANG_WARN_EMPTY_BODY = YES;
				CLANG_WARN_ENUM_CONVERSION = YES;
				CLANG_WARN_INFINITE_RECURSION = YES;
				CLANG_WARN_INT_CONVERSION = YES;
				CLANG_WARN_NON_LITERAL_NULL_CONVERSION = YES;
				CLANG_WARN_OBJC_IMPLICIT_RETAIN_SELF = YES;
				CLANG_WARN_OBJC_LITERAL_CONVERSION = YES;
				CLANG_WARN_OBJC_ROOT_CLASS = YES_ERROR;
				CLANG_WARN_QUOTED_INCLUDE_IN_FRAMEWORK_HEADER = YES;
				CLANG_WARN_RANGE_LOOP_ANALYSIS = YES;
				CLANG_WARN_STRICT_PROTOTYPES = YES;
				CLANG_WARN_SUSPICIOUS_MOVE = YES;
				CLANG_WARN_UNGUARDED_AVAILABILITY = YES_AGGRESSIVE;
				CLANG_WARN_UNREACHABLE_CODE = YES;
				CLANG_WARN__DUPLICATE_METHOD_MATCH = YES;
				COPY_PHASE_STRIP = NO;
				DEBUG_INFORMATION_FORMAT = "dwarf-with-dsym";
				ENABLE_NS_ASSERTIONS = NO;
				ENABLE_STRICT_OBJC_MSGSEND = YES;
				GCC_C_LANGUAGE_STANDARD = gnu11;
				GCC_NO_COMMON_BLOCKS = YES;
				GCC_WARN_64_TO_32_BIT_CONVERSION = YES;
				GCC_WARN_ABOUT_RETURN_TYPE = YES_ERROR;
				GCC_WARN_UNDECLARED_SELECTOR = YES;
				GCC_WARN_UNINITIALIZED_AUTOS = YES_AGGRESSIVE;
				GCC_WARN_UNUSED_FUNCTION = YES;
				GCC_WARN_UNUSED_VARIABLE = YES;
				IPHONEOS_DEPLOYMENT_TARGET = 15.2;
				MTL_ENABLE_DEBUG_INFO = NO;
				MTL_FAST_MATH = YES;
				SDKROOT = iphoneos;
				SWIFT_COMPILATION_MODE = wholemodule;
				SWIFT_OPTIMIZATION_LEVEL = "-O";
				VALIDATE_PRODUCT = YES;
			};
			name = Release;
		};
		3FB09FF8284E08CF00ADA6DF /* Debug */ = {
			isa = XCBuildConfiguration;
			buildSettings = {
				ASSETCATALOG_COMPILER_APPICON_NAME = AppIcon;
				ASSETCATALOG_COMPILER_GLOBAL_ACCENT_COLOR_NAME = AccentColor;
				CODE_SIGN_STYLE = Automatic;
				CURRENT_PROJECT_VERSION = 1;
				GENERATE_INFOPLIST_FILE = YES;
				INFOPLIST_FILE = RestaurantNavigator/Info.plist;
				INFOPLIST_KEY_UIApplicationSupportsIndirectInputEvents = YES;
				INFOPLIST_KEY_UILaunchStoryboardName = LaunchScreen;
				INFOPLIST_KEY_UIMainStoryboardFile = Main;
				INFOPLIST_KEY_UISupportedInterfaceOrientations_iPad = "UIInterfaceOrientationPortrait UIInterfaceOrientationPortraitUpsideDown UIInterfaceOrientationLandscapeLeft UIInterfaceOrientationLandscapeRight";
				INFOPLIST_KEY_UISupportedInterfaceOrientations_iPhone = "UIInterfaceOrientationPortrait UIInterfaceOrientationLandscapeLeft UIInterfaceOrientationLandscapeRight";
				LD_RUNPATH_SEARCH_PATHS = (
					"$(inherited)",
					"@executable_path/Frameworks",
				);
				MARKETING_VERSION = 1.0;
				PRODUCT_BUNDLE_IDENTIFIER = testapp.RestaurantNavigator;
				PRODUCT_NAME = "$(TARGET_NAME)";
				SWIFT_EMIT_LOC_STRINGS = YES;
				SWIFT_VERSION = 5.0;
				TARGETED_DEVICE_FAMILY = "1,2";
			};
			name = Debug;
		};
		3FB09FF9284E08CF00ADA6DF /* Release */ = {
			isa = XCBuildConfiguration;
			buildSettings = {
				ASSETCATALOG_COMPILER_APPICON_NAME = AppIcon;
				ASSETCATALOG_COMPILER_GLOBAL_ACCENT_COLOR_NAME = AccentColor;
				CODE_SIGN_STYLE = Automatic;
				CURRENT_PROJECT_VERSION = 1;
				GENERATE_INFOPLIST_FILE = YES;
				INFOPLIST_FILE = RestaurantNavigator/Info.plist;
				INFOPLIST_KEY_UIApplicationSupportsIndirectInputEvents = YES;
				INFOPLIST_KEY_UILaunchStoryboardName = LaunchScreen;
				INFOPLIST_KEY_UIMainStoryboardFile = Main;
				INFOPLIST_KEY_UISupportedInterfaceOrientations_iPad = "UIInterfaceOrientationPortrait UIInterfaceOrientationPortraitUpsideDown UIInterfaceOrientationLandscapeLeft UIInterfaceOrientationLandscapeRight";
				INFOPLIST_KEY_UISupportedInterfaceOrientations_iPhone = "UIInterfaceOrientationPortrait UIInterfaceOrientationLandscapeLeft UIInterfaceOrientationLandscapeRight";
				LD_RUNPATH_SEARCH_PATHS = (
					"$(inherited)",
					"@executable_path/Frameworks",
				);
				MARKETING_VERSION = 1.0;
				PRODUCT_BUNDLE_IDENTIFIER = testapp.RestaurantNavigator;
				PRODUCT_NAME = "$(TARGET_NAME)";
				SWIFT_EMIT_LOC_STRINGS = YES;
				SWIFT_VERSION = 5.0;
				TARGETED_DEVICE_FAMILY = "1,2";
			};
			name = Release;
		};
/* End XCBuildConfiguration section */

/* Begin XCConfigurationList section */
		3FB09FDE284E08CD00ADA6DF /* Build configuration list for PBXProject "RestaurantNavigator" */ = {
			isa = XCConfigurationList;
			buildConfigurations = (
				3FB09FF5284E08CF00ADA6DF /* Debug */,
				3FB09FF6284E08CF00ADA6DF /* Release */,
			);
			defaultConfigurationIsVisible = 0;
			defaultConfigurationName = Release;
		};
		3FB09FF7284E08CF00ADA6DF /* Build configuration list for PBXNativeTarget "RestaurantNavigator" */ = {
			isa = XCConfigurationList;
			buildConfigurations = (
				3FB09FF8284E08CF00ADA6DF /* Debug */,
				3FB09FF9284E08CF00ADA6DF /* Release */,
			);
			defaultConfigurationIsVisible = 0;
			defaultConfigurationName = Release;
		};
/* End XCConfigurationList section */
	};
	rootObject = 3FB09FDB284E08CD00ADA6DF /* Project object */;
}
